
Microsoft Visual Studio Solution File, Format Version 12.00
# Visual Studio Version 17
VisualStudioVersion = 17.4.33122.133
MinimumVisualStudioVersion = 10.0.40219.1
Project("{FAE04EC0-301F-11D3-BF4B-00C04F79EFBC}") = "AoC04", "AoC04\AoC04.csproj", "{FEEA9319-338A-4A21-9CEA-38461BDC0C52}"
EndProject
Global
	GlobalSection(SolutionConfigurationPlatforms) = preSolution
		Debug|Any CPU = Debug|Any CPU
		Release|Any CPU = Release|Any CPU
	EndGlobalSection
	GlobalSection(ProjectConfigurationPlatforms) = postSolution
		{FEEA9319-338A-4A21-9CEA-38461BDC0C52}.Debug|Any CPU.ActiveCfg = Debug|Any CPU
		{FEEA9319-338A-4A21-9CEA-38461BDC0C52}.Debug|Any CPU.Build.0 = Debug|Any CPU
		{FEEA9319-338A-4A21-9CEA-38461BDC0C52}.Release|Any CPU.ActiveCfg = Release|Any CPU
		{FEEA9319-338A-4A21-9CEA-38461BDC0C52}.Release|Any CPU.Build.0 = Release|Any CPU
	EndGlobalSection
	GlobalSection(SolutionProperties) = preSolution
		HideSolutionNode = FALSE
	EndGlobalSection
	GlobalSection(ExtensibilityGlobals) = postSolution
		SolutionGuid = {F05B40DB-6107-4C35-AA44-53699D560FB9}
	EndGlobalSection
EndGlobal

